{
  "version": 4,
  "terraform_version": "1.0.11",
  "serial": 36,
  "lineage": "76631a4c-c787-9c88-1eeb-e6d7b1acd74d",
  "outputs": {
    "PrivateIP": {
      "value": "172.31.32.67",
      "type": "string"
    },
    "PublicIP": {
      "value": "34.229.212.243",
      "type": "string"
    }
  },
  "resources": [
    {
      "mode": "managed",
      "type": "aws_instance",
      "name": "dove-instance",
      "provider": "provider[\"registry.terraform.io/hashicorp/aws\"]",
      "instances": [
        {
          "schema_version": 1,
          "attributes": {
            "ami": "ami-0ed9277fb7eb570c9",
            "arn": "arn:aws:ec2:us-east-1:182373088816:instance/i-08edc126d9e44b460",
            "associate_public_ip_address": true,
            "availability_zone": "us-east-1a",
            "capacity_reservation_specification": [
              {
                "capacity_reservation_preference": "open",
                "capacity_reservation_target": []
              }
            ],
            "cpu_core_count": 1,
            "cpu_threads_per_core": 1,
            "credit_specification": [
              {
                "cpu_credits": "standard"
              }
            ],
            "disable_api_termination": false,
            "ebs_block_device": [],
            "ebs_optimized": false,
            "enclave_options": [
              {
                "enabled": false
              }
            ],
            "ephemeral_block_device": [],
            "get_password_data": false,
            "hibernation": false,
            "host_id": null,
            "iam_instance_profile": "",
            "id": "i-08edc126d9e44b460",
            "instance_initiated_shutdown_behavior": "stop",
            "instance_state": "running",
            "instance_type": "t2.micro",
            "ipv6_address_count": 0,
            "ipv6_addresses": [],
            "key_name": "dovekey",
            "launch_template": [],
            "metadata_options": [
              {
                "http_endpoint": "enabled",
                "http_put_response_hop_limit": 1,
                "http_tokens": "optional"
              }
            ],
            "monitoring": false,
            "network_interface": [],
            "outpost_arn": "",
            "password_data": "",
            "placement_group": "",
            "placement_partition_number": null,
            "primary_network_interface_id": "eni-0151439f10c9aa1e1",
            "private_dns": "ip-172-31-32-67.ec2.internal",
            "private_ip": "172.31.32.67",
            "public_dns": "ec2-34-229-212-243.compute-1.amazonaws.com",
            "public_ip": "34.229.212.243",
            "root_block_device": [
              {
                "delete_on_termination": true,
                "device_name": "/dev/xvda",
                "encrypted": false,
                "iops": 100,
                "kms_key_id": "",
                "tags": {},
                "throughput": 0,
                "volume_id": "vol-0de6019c5a87148e4",
                "volume_size": 8,
                "volume_type": "gp2"
              }
            ],
            "secondary_private_ips": [],
            "security_groups": [
              "docker"
            ],
            "source_dest_check": true,
            "subnet_id": "subnet-0d7898d165181a8dc",
            "tags": {
              "Name": "Dove-Instance",
              "project": "Dove"
            },
            "tags_all": {
              "Name": "Dove-Instance",
              "project": "Dove"
            },
            "tenancy": "default",
            "timeouts": null,
            "user_data": null,
            "user_data_base64": null,
            "volume_tags": null,
            "vpc_security_group_ids": [
              "sg-02ed1ec5a821015df"
            ]
          },
          "sensitive_attributes": [],
          "private": "eyJlMmJmYjczMC1lY2FhLTExZTYtOGY4OC0zNDM2M2JjN2M0YzAiOnsiY3JlYXRlIjo2MDAwMDAwMDAwMDAsImRlbGV0ZSI6MTIwMDAwMDAwMDAwMCwidXBkYXRlIjo2MDAwMDAwMDAwMDB9LCJzY2hlbWFfdmVyc2lvbiI6IjEifQ==",
          "dependencies": [
            "aws_key_pair.dove-key"
          ]
        }
      ]
    },
    {
      "mode": "managed",
      "type": "aws_key_pair",
      "name": "dove-key",
      "provider": "provider[\"registry.terraform.io/hashicorp/aws\"]",
      "instances": [
        {
          "schema_version": 1,
          "attributes": {
            "arn": "arn:aws:ec2:us-east-1:182373088816:key-pair/dovekey",
            "fingerprint": "db:7c:3c:96:61:c3:04:62:d4:eb:5b:1e:27:94:2e:28",
            "id": "dovekey",
            "key_name": "dovekey",
            "key_name_prefix": "",
            "key_pair_id": "key-0d43feef9505fecc1",
            "public_key": "ssh-rsa AAAAB3NzaC1yc2EAAAADAQABAAABgQCyzjeQvMCuJid7pFSF25NxQLGvGnEVx6HvUxa1dL/jHLkblBAjxlF9g2TT2lBrgLqcW/o3Ri2brA8gF0up188EVkJYw0pvjC9eIUxBmM3hGH4dWIYBAatgsMrLXuPXQ0nHRKBEtl1dw5fgjN7kRLleXAwx/51PXjB/LH6/CjgKgNSneIPgXACZyOZpFF20CttciEX4k5Lan8Y8viSfHeNWBNQx+SFynuoIejb9jiZFCx1cUQBSreQBgMkeLjUZ0u3hvJN3n7avffpZiy29L43jKuSbdVTtENB7KKaY6+C03OWEsOxl1Clh6Cyg7IMEueIcFlkZfVRSOApkO9tOWv414Y2jP4Rnbghd3cn1YrpLjotrBeb351K0AHq6lROOYH5uaiJDWwRVzFdOFecB0ghL4OnDVLWTwSlXNJp9NJjxDsxMfL5f+wcF225kJshCXyMQmMLe8wZ765lBjLIAVAub5gX1m6xCqhvq3hDI9/Jvp2yunoKsTmrjc9pb+dX334s= HP@DESKTOP-RJF4FAS",
            "tags": {},
            "tags_all": {}
          },
          "sensitive_attributes": [],
          "private": "eyJzY2hlbWFfdmVyc2lvbiI6IjEifQ=="
        }
      ]
    }
  ]
}
